Microsoft Visual Studio Solution File, Format Version 12.00
# Visual Studio Version 17
VisualStudioVersion = 17.5.2.0
MinimumVisualStudioVersion = 10.0.40219.1
Project("{FAE04EC0-301F-11D3-BF4B-00C04F79EFBC}") = "LivePhotoBox", "LivePhotoBox.csproj", "{F3839EF4-5919-CC93-1AB5-0DF9784C6150}"
EndProject
Global
	GlobalSection(SolutionConfigurationPlatforms) = preSolution
		Debug|Any CPU = Debug|Any CPU
		Release|Any CPU = Release|Any CPU
	EndGlobalSection
	GlobalSection(ProjectConfigurationPlatforms) = postSolution
		{F3839EF4-5919-CC93-1AB5-0DF9784C6150}.Debug|Any CPU.ActiveCfg = Debug|Any CPU
		{F3839EF4-5919-CC93-1AB5-0DF9784C6150}.Debug|Any CPU.Build.0 = Debug|Any CPU
		{F3839EF4-5919-CC93-1AB5-0DF9784C6150}.Release|Any CPU.ActiveCfg = Release|Any CPU
		{F3839EF4-5919-CC93-1AB5-0DF9784C6150}.Release|Any CPU.Build.0 = Release|Any CPU
	EndGlobalSection
	GlobalSection(SolutionProperties) = preSolution
		HideSolutionNode = FALSE
	EndGlobalSection
	GlobalSection(ExtensibilityGlobals) = postSolution
		SolutionGuid = {3C634DC7-BD03-47EC-8D57-CB7126A68BF2}
	EndGlobalSection
EndGlobal
