<?xml version="1.0" encoding="utf-8"?>
<Project ToolsVersion="4.0" xmlns="http://schemas.microsoft.com/developer/msbuild/2003">
  <ItemGroup>
    <Filter Include="Header Files">
      <UniqueIdentifier>{FB618F6D-FE72-4A59-9B16-89DFCBE06D7D}</UniqueIdentifier>
      <Extensions>h;hh;hpp;hxx;inl;inc;ipp;xsd</Extensions>
    </Filter>
    <Filter Include="Source Files">
      <UniqueIdentifier>{96A88D83-5EF1-4AD2-946F-7A74B972F65B}</UniqueIdentifier>
      <Extensions>cpp;c;cc;cxx;c++;cppm;ixx;def;odl;idl;hpj;bat;asm;asmx</Extensions>
    </Filter>
  </ItemGroup>
  <ItemGroup>
    <ClInclude Include="include\livephotobox_native.h">
      <Filter>Header Files</Filter>
    </ClInclude>
    <ClInclude Include="src\foundation\internal.h">
      <Filter>Header Files</Filter>
    </ClInclude>
    <ClInclude Include="src\binary\endian.h">
      <Filter>Header Files</Filter>
    </ClInclude>
    <ClInclude Include="src\containers\isobmff.h">
      <Filter>Header Files</Filter>
    </ClInclude>
  </ItemGroup>
  <ItemGroup>
    <ClCompile Include="src\foundation\context.cpp">
      <Filter>Source Files</Filter>
    </ClCompile>
    <ClCompile Include="src\containers\isobmff.cpp">
      <Filter>Source Files</Filter>
    </ClCompile>
    <ClCompile Include="src\protocols\vivo_legacy.cpp">
      <Filter>Source Files</Filter>
    </ClCompile>
    <ClCompile Include="src\metadata\jpeg.cpp">
      <Filter>Source Files\metadata</Filter>
    </ClCompile>
    <ClCompile Include="src\protocols\huawei.cpp">
      <Filter>Source Files</Filter>
    </ClCompile>
    <ClCompile Include="src\containers\heif.cpp">
      <Filter>Source Files</Filter>
    </ClCompile>
    <ClCompile Include="src\containers\mp4_strip.cpp">
      <Filter>Source Files</Filter>
    </ClCompile>
  </ItemGroup>
</Project>
